{
  "lockfileVersion": 1,
  "configVersion": 1,
  "workspaces": {
    "": {
      "name": "ks-conf-ts-encrypt",
      "dependencies": {
        "@noble/curves": "^2.2.0",
      },
    },
  },
  "packages": {
    "@noble/curves": ["@noble/curves@2.2.0", "", { "dependencies": { "@noble/hashes": "2.2.0" } }, "sha512-T/BoHgFXirb0ENSPBquzX0rcjXeM6Lo892a2jlYJkqk83LqZx0l1Of7DzlKJ6jkpvMrkHSnAcgb5JegL8SeIkQ=="],

    "@noble/hashes": ["@noble/hashes@2.2.0", "", {}, "sha512-IYqDGiTXab6FniAgnSdZwgWbomxpy9FtYvLKs7wCUs2a8RkITG+DFGO1DM9cr+E3/RgADRpFjrKVaJ1z6sjtEg=="],
  }
}
